// !$*UTF8*$!
{
	archiveVersion = 1;
	classes = {
	};
	objectVersion = 55;
	objects = {

/* Begin PBXBuildFile section */
		27A76E612850AA79003BA2A1 /* AppDelegate.mm in Sources */ = {isa = PBXBuildFile; fileRef = 27A76E602850AA79003BA2A1 /* AppDelegate.mm */; };
		27A76E642850AA79003BA2A1 /* SceneDelegate.mm in Sources */ = {isa = PBXBuildFile; fileRef = 27A76E632850AA79003BA2A1 /* SceneDelegate.mm */; };
		27A76E672850AA79003BA2A1 /* ViewController.mm in Sources */ = {isa = PBXBuildFile; fileRef = 27A76E662850AA79003BA2A1 /* ViewController.mm */; };
		27A76E6A2850AA79003BA2A1 /* Main.storyboard in Resources */ = {isa = PBXBuildFile; fileRef = 27A76E682850AA79003BA2A1 /* Main.storyboard */; };
		27A76E6C2850AA7A003BA2A1 /* Assets.xcassets in Resources */ = {isa = PBXBuildFile; fileRef = 27A76E6B2850AA7A003BA2A1 /* Assets.xcassets */; };
		27A76E6F2850AA7A003BA2A1 /* LaunchScreen.storyboard in Resources */ = {isa = PBXBuildFile; fileRef = 27A76E6D2850AA7A003BA2A1 /* LaunchScreen.storyboard */; };
		27A76E722850AA7A003BA2A1 /* main.m in Sources */ = {isa = PBXBuildFile; fileRef = 27A76E712850AA7A003BA2A1 /* main.m */; };
		27A76E7D2850D336003BA2A1 /* Card.mm in Sources */ = {isa = PBXBuildFile; fileRef = 27A76E7C2850D336003BA2A1 /* Card.mm */; };
		27A76E802850E8DD003BA2A1 /* Deck.mm in Sources */ = {isa = PBXBuildFile; fileRef = 27A76E7F2850E8DD003BA2A1 /* Deck.mm */; };
		27A76E832850E93B003BA2A1 /* PlayingCard.mm in Sources */ = {isa = PBXBuildFile; fileRef = 27A76E822850E93B003BA2A1 /* PlayingCard.mm */; };
		27A76E862850E95E003BA2A1 /* PlayingCardDeck.mm in Sources */ = {isa = PBXBuildFile; fileRef = 27A76E852850E95E003BA2A1 /* PlayingCardDeck.mm */; };
		27D6D33A28536A5B0057CF14 /* CardMatchingGame.mm in Sources */ = {isa = PBXBuildFile; fileRef = 27D6D33928536A5B0057CF14 /* CardMatchingGame.mm */; };
/* End PBXBuildFile section */

/* Begin PBXFileReference section */
		27A76E5C2850AA79003BA2A1 /* Matchismo.app */ = {isa = PBXFileReference; explicitFileType = wrapper.application; includeInIndex = 0; path = Matchismo.app; sourceTree = BUILT_PRODUCTS_DIR; };
		27A76E5F2850AA79003BA2A1 /* AppDelegate.h */ = {isa = PBXFileReference; lastKnownFileType = sourcecode.c.h; path = AppDelegate.h; sourceTree = "<group>"; };
		27A76E602850AA79003BA2A1 /* AppDelegate.mm */ = {isa = PBXFileReference; lastKnownFileType = sourcecode.cpp.objcpp; path = AppDelegate.mm; sourceTree = "<group>"; };
		27A76E622850AA79003BA2A1 /* SceneDelegate.h */ = {isa = PBXFileReference; lastKnownFileType = sourcecode.c.h; path = SceneDelegate.h; sourceTree = "<group>"; };
		27A76E632850AA79003BA2A1 /* SceneDelegate.mm */ = {isa = PBXFileReference; lastKnownFileType = sourcecode.cpp.objcpp; path = SceneDelegate.mm; sourceTree = "<group>"; };
		27A76E652850AA79003BA2A1 /* ViewController.h */ = {isa = PBXFileReference; lastKnownFileType = sourcecode.c.h; path = ViewController.h; sourceTree = "<group>"; };
		27A76E662850AA79003BA2A1 /* ViewController.mm */ = {isa = PBXFileReference; lastKnownFileType = sourcecode.cpp.objcpp; path = ViewController.mm; sourceTree = "<group>"; };
		27A76E692850AA79003BA2A1 /* Base */ = {isa = PBXFileReference; lastKnownFileType = file.storyboard; name = Base; path = Base.lproj/Main.storyboard; sourceTree = "<group>"; };
		27A76E6B2850AA7A003BA2A1 /* Assets.xcassets */ = {isa = PBXFileReference; lastKnownFileType = folder.assetcatalog; path = Assets.xcassets; sourceTree = "<group>"; };
		27A76E6E2850AA7A003BA2A1 /* Base */ = {isa = PBXFileReference; lastKnownFileType = file.storyboard; name = Base; path = Base.lproj/LaunchScreen.storyboard; sourceTree = "<group>"; };
		27A76E702850AA7A003BA2A1 /* Info.plist */ = {isa = PBXFileReference; lastKnownFileType = text.plist.xml; path = Info.plist; sourceTree = "<group>"; };
		27A76E712850AA7A003BA2A1 /* main.m */ = {isa = PBXFileReference; lastKnownFileType = sourcecode.c.objc; path = main.m; sourceTree = "<group>"; };
		27A76E7C2850D336003BA2A1 /* Card.mm */ = {isa = PBXFileReference; lastKnownFileType = sourcecode.cpp.objcpp; path = Card.mm; sourceTree = "<group>"; };
		27A76E7E2850D362003BA2A1 /* Card.h */ = {isa = PBXFileReference; lastKnownFileType = sourcecode.c.h; path = Card.h; sourceTree = "<group>"; };
		27A76E7F2850E8DD003BA2A1 /* Deck.mm */ = {isa = PBXFileReference; lastKnownFileType = sourcecode.cpp.objcpp; path = Deck.mm; sourceTree = "<group>"; };
		27A76E812850E8EA003BA2A1 /* Deck.h */ = {isa = PBXFileReference; lastKnownFileType = sourcecode.c.h; path = Deck.h; sourceTree = "<group>"; };
		27A76E822850E93B003BA2A1 /* PlayingCard.mm */ = {isa = PBXFileReference; lastKnownFileType = sourcecode.cpp.objcpp; path = PlayingCard.mm; sourceTree = "<group>"; };
		27A76E842850E947003BA2A1 /* PlayingCard.h */ = {isa = PBXFileReference; lastKnownFileType = sourcecode.c.h; path = PlayingCard.h; sourceTree = "<group>"; };
		27A76E852850E95E003BA2A1 /* PlayingCardDeck.mm */ = {isa = PBXFileReference; lastKnownFileType = sourcecode.cpp.objcpp; path = PlayingCardDeck.mm; sourceTree = "<group>"; };
		27A76E872850E96C003BA2A1 /* PlayingCardDeck.h */ = {isa = PBXFileReference; lastKnownFileType = sourcecode.c.h; path = PlayingCardDeck.h; sourceTree = "<group>"; };
		27D6D33928536A5B0057CF14 /* CardMatchingGame.mm */ = {isa = PBXFileReference; lastKnownFileType = sourcecode.cpp.objcpp; path = CardMatchingGame.mm; sourceTree = "<group>"; };
		27D6D33B28536A6F0057CF14 /* CardMatchingGame.h */ = {isa = PBXFileReference; lastKnownFileType = sourcecode.c.h; path = CardMatchingGame.h; sourceTree = "<group>"; };
/* End PBXFileReference section */

/* Begin PBXFrameworksBuildPhase section */
		27A76E592850AA79003BA2A1 /* Frameworks */ = {
			isa = PBXFrameworksBuildPhase;
			buildActionMask = 2147483647;
			files = (
			);
			runOnlyForDeploymentPostprocessing = 0;
		};
/* End PBXFrameworksBuildPhase section */

/* Begin PBXGroup section */
		27A76E532850AA79003BA2A1 = {
			isa = PBXGroup;
			children = (
				27A76E5E2850AA79003BA2A1 /* Matchismo */,
				27A76E5D2850AA79003BA2A1 /* Products */,
			);
			sourceTree = "<group>";
		};
		27A76E5D2850AA79003BA2A1 /* Products */ = {
			isa = PBXGroup;
			children = (
				27A76E5C2850AA79003BA2A1 /* Matchismo.app */,
			);
			name = Products;
			sourceTree = "<group>";
		};
		27A76E5E2850AA79003BA2A1 /* Matchismo */ = {
			isa = PBXGroup;
			children = (
				27A76E7B2850D313003BA2A1 /* Model */,
				27A76E5F2850AA79003BA2A1 /* AppDelegate.h */,
				27A76E602850AA79003BA2A1 /* AppDelegate.mm */,
				27A76E622850AA79003BA2A1 /* SceneDelegate.h */,
				27A76E632850AA79003BA2A1 /* SceneDelegate.mm */,
				27A76E792850D2F9003BA2A1 /* Controller */,
				27A76E7A2850D30B003BA2A1 /* View */,
				27A76E6B2850AA7A003BA2A1 /* Assets.xcassets */,
				27A76E6D2850AA7A003BA2A1 /* LaunchScreen.storyboard */,
				27A76E702850AA7A003BA2A1 /* Info.plist */,
				27A76E712850AA7A003BA2A1 /* main.m */,
			);
			path = Matchismo;
			sourceTree = "<group>";
		};
		27A76E792850D2F9003BA2A1 /* Controller */ = {
			isa = PBXGroup;
			children = (
				27A76E652850AA79003BA2A1 /* ViewController.h */,
				27A76E662850AA79003BA2A1 /* ViewController.mm */,
			);
			path = Controller;
			sourceTree = "<group>";
		};
		27A76E7A2850D30B003BA2A1 /* View */ = {
			isa = PBXGroup;
			children = (
				27A76E682850AA79003BA2A1 /* Main.storyboard */,
			);
			path = View;
			sourceTree = "<group>";
		};
		27A76E7B2850D313003BA2A1 /* Model */ = {
			isa = PBXGroup;
			children = (
				27A76E7C2850D336003BA2A1 /* Card.mm */,
				27A76E7E2850D362003BA2A1 /* Card.h */,
				27A76E7F2850E8DD003BA2A1 /* Deck.mm */,
				27A76E812850E8EA003BA2A1 /* Deck.h */,
				27A76E822850E93B003BA2A1 /* PlayingCard.mm */,
				27A76E842850E947003BA2A1 /* PlayingCard.h */,
				27A76E852850E95E003BA2A1 /* PlayingCardDeck.mm */,
				27A76E872850E96C003BA2A1 /* PlayingCardDeck.h */,
				27D6D33928536A5B0057CF14 /* CardMatchingGame.mm */,
				27D6D33B28536A6F0057CF14 /* CardMatchingGame.h */,
			);
			path = Model;
			sourceTree = "<group>";
		};
/* End PBXGroup section */

/* Begin PBXNativeTarget section */
		27A76E5B2850AA79003BA2A1 /* Matchismo */ = {
			isa = PBXNativeTarget;
			buildConfigurationList = 27A76E752850AA7A003BA2A1 /* Build configuration list for PBXNativeTarget "Matchismo" */;
			buildPhases = (
				27A76E582850AA79003BA2A1 /* Sources */,
				27A76E592850AA79003BA2A1 /* Frameworks */,
				27A76E5A2850AA79003BA2A1 /* Resources */,
			);
			buildRules = (
			);
			dependencies = (
			);
			name = Matchismo;
			productName = Matchismo;
			productReference = 27A76E5C2850AA79003BA2A1 /* Matchismo.app */;
			productType = "com.apple.product-type.application";
		};
/* End PBXNativeTarget section */

/* Begin PBXProject section */
		27A76E542850AA79003BA2A1 /* Project object */ = {
			isa = PBXProject;
			attributes = {
				BuildIndependentTargetsInParallel = 1;
				LastUpgradeCheck = 1330;
				TargetAttributes = {
					27A76E5B2850AA79003BA2A1 = {
						CreatedOnToolsVersion = 13.3.1;
					};
				};
			};
			buildConfigurationList = 27A76E572850AA79003BA2A1 /* Build configuration list for PBXProject "Matchismo" */;
			compatibilityVersion = "Xcode 13.0";
			developmentRegion = en;
			hasScannedForEncodings = 0;
			knownRegions = (
				en,
				Base,
			);
			mainGroup = 27A76E532850AA79003BA2A1;
			productRefGroup = 27A76E5D2850AA79003BA2A1 /* Products */;
			projectDirPath = "";
			projectRoot = "";
			targets = (
				27A76E5B2850AA79003BA2A1 /* Matchismo */,
			);
		};
/* End PBXProject section */

/* Begin PBXResourcesBuildPhase section */
		27A76E5A2850AA79003BA2A1 /* Resources */ = {
			isa = PBXResourcesBuildPhase;
			buildActionMask = 2147483647;
			files = (
				27A76E6F2850AA7A003BA2A1 /* LaunchScreen.storyboard in Resources */,
				27A76E6C2850AA7A003BA2A1 /* Assets.xcassets in Resources */,
				27A76E6A2850AA79003BA2A1 /* Main.storyboard in Resources */,
			);
			runOnlyForDeploymentPostprocessing = 0;
		};
/* End PBXResourcesBuildPhase section */

/* Begin PBXSourcesBuildPhase section */
		27A76E582850AA79003BA2A1 /* Sources */ = {
			isa = PBXSourcesBuildPhase;
			buildActionMask = 2147483647;
			files = (
				27A76E7D2850D336003BA2A1 /* Card.mm in Sources */,
				27A76E862850E95E003BA2A1 /* PlayingCardDeck.mm in Sources */,
				27A76E672850AA79003BA2A1 /* ViewController.mm in Sources */,
				27D6D33A28536A5B0057CF14 /* CardMatchingGame.mm in Sources */,
				27A76E832850E93B003BA2A1 /* PlayingCard.mm in Sources */,
				27A76E612850AA79003BA2A1 /* AppDelegate.mm in Sources */,
				27A76E722850AA7A003BA2A1 /* main.m in Sources */,
				27A76E802850E8DD003BA2A1 /* Deck.mm in Sources */,
				27A76E642850AA79003BA2A1 /* SceneDelegate.mm in Sources */,
			);
			runOnlyForDeploymentPostprocessing = 0;
		};
/* End PBXSourcesBuildPhase section */

/* Begin PBXVariantGroup section */
		27A76E682850AA79003BA2A1 /* Main.storyboard */ = {
			isa = PBXVariantGroup;
			children = (
				27A76E692850AA79003BA2A1 /* Base */,
			);
			name = Main.storyboard;
			sourceTree = "<group>";
		};
		27A76E6D2850AA7A003BA2A1 /* LaunchScreen.storyboard */ = {
			isa = PBXVariantGroup;
			children = (
				27A76E6E2850AA7A003BA2A1 /* Base */,
			);
			name = LaunchScreen.storyboard;
			sourceTree = "<group>";
		};
/* End PBXVariantGroup section */

/* Begin XCBuildConfiguration section */
		27A76E732850AA7A003BA2A1 /* Debug */ = {
			isa = XCBuildConfiguration;
			buildSettings = {
				ALWAYS_SEARCH_USER_PATHS = NO;
				CLANG_ANALYZER_NONNULL = YES;
				CLANG_ANALYZER_NUMBER_OBJECT_CONVERSION = YES_AGGRESSIVE;
				CLANG_CXX_LANGUAGE_STANDARD = "gnu++17";
				CLANG_ENABLE_MODULES = YES;
				CLANG_ENABLE_OBJC_ARC = YES;
				CLANG_ENABLE_OBJC_WEAK = YES;
				CLANG_WARN_BLOCK_CAPTURE_AUTORELEASING = YES;
				CLANG_WARN_BOOL_CONVERSION = YES;
				CLANG_WARN_COMMA = YES;
				CLANG_WARN_CONSTANT_CONVERSION = YES;
				CLANG_WARN_DEPRECATED_OBJC_IMPLEMENTATIONS = YES;
				CLANG_WARN_DIRECT_OBJC_ISA_USAGE = YES_ERROR;
				CLANG_WARN_DOCUMENTATION_COMMENTS = YES;
				CLANG_WARN_EMPTY_BODY = YES;
				CLANG_WARN_ENUM_CONVERSION = YES;
				CLANG_WARN_INFINITE_RECURSION = YES;
				CLANG_WARN_INT_CONVERSION = YES;
				CLANG_WARN_NON_LITERAL_NULL_CONVERSION = YES;
				CLANG_WARN_OBJC_IMPLICIT_RETAIN_SELF = YES;
				CLANG_WARN_OBJC_LITERAL_CONVERSION = YES;
				CLANG_WARN_OBJC_ROOT_CLASS = YES_ERROR;
				CLANG_WARN_QUOTED_INCLUDE_IN_FRAMEWORK_HEADER = YES;
				CLANG_WARN_RANGE_LOOP_ANALYSIS = YES;
				CLANG_WARN_STRICT_PROTOTYPES = YES;
				CLANG_WARN_SUSPICIOUS_MOVE = YES;
				CLANG_WARN_UNGUARDED_AVAILABILITY = YES_AGGRESSIVE;
				CLANG_WARN_UNREACHABLE_CODE = YES;
				CLANG_WARN__DUPLICATE_METHOD_MATCH = YES;
				COPY_PHASE_STRIP = NO;
				DEBUG_INFORMATION_FORMAT = dwarf;
				ENABLE_STRICT_OBJC_MSGSEND = YES;
				ENABLE_TESTABILITY = YES;
				GCC_C_LANGUAGE_STANDARD = gnu11;
				GCC_DYNAMIC_NO_PIC = NO;
				GCC_NO_COMMON_BLOCKS = YES;
				GCC_OPTIMIZATION_LEVEL = 0;
				GCC_PREPROCESSOR_DEFINITIONS = (
					"DEBUG=1",
					"$(inherited)",
				);
				GCC_WARN_64_TO_32_BIT_CONVERSION = YES;
				GCC_WARN_ABOUT_RETURN_TYPE = YES_ERROR;
				GCC_WARN_UNDECLARED_SELECTOR = YES;
				GCC_WARN_UNINITIALIZED_AUTOS = YES_AGGRESSIVE;
				GCC_WARN_UNUSED_FUNCTION = YES;
				GCC_WARN_UNUSED_VARIABLE = YES;
				IPHONEOS_DEPLOYMENT_TARGET = 15.4;
				MTL_ENABLE_DEBUG_INFO = INCLUDE_SOURCE;
				MTL_FAST_MATH = YES;
				ONLY_ACTIVE_ARCH = YES;
				SDKROOT = iphoneos;
			};
			name = Debug;
		};
		27A76E742850AA7A003BA2A1 /* Release */ = {
			isa = XCBuildConfiguration;
			buildSettings = {
				ALWAYS_SEARCH_USER_PATHS = NO;
				CLANG_ANALYZER_NONNULL = YES;
				CLANG_ANALYZER_NUMBER_OBJECT_CONVERSION = YES_AGGRESSIVE;
				CLANG_CXX_LANGUAGE_STANDARD = "gnu++17";
				CLANG_ENABLE_MODULES = YES;
				CLANG_ENABLE_OBJC_ARC = YES;
				CLANG_ENABLE_OBJC_WEAK = YES;
				CLANG_WARN_BLOCK_CAPTURE_AUTORELEASING = YES;
				CLANG_WARN_BOOL_CONVERSION = YES;
				CLANG_WARN_COMMA = YES;
				CLANG_WARN_CONSTANT_CONVERSION = YES;
				CLANG_WARN_DEPRECATED_OBJC_IMPLEMENTATIONS = YES;
				CLANG_WARN_DIRECT_OBJC_ISA_USAGE = YES_ERROR;
				CLANG_WARN_DOCUMENTATION_COMMENTS = YES;
				CLANG_WARN_EMPTY_BODY = YES;
				CLANG_WARN_ENUM_CONVERSION = YES;
				CLANG_WARN_INFINITE_RECURSION = YES;
				CLANG_WARN_INT_CONVERSION = YES;
				CLANG_WARN_NON_LITERAL_NULL_CONVERSION = YES;
				CLANG_WARN_OBJC_IMPLICIT_RETAIN_SELF = YES;
				CLANG_WARN_OBJC_LITERAL_CONVERSION = YES;
				CLANG_WARN_OBJC_ROOT_CLASS = YES_ERROR;
				CLANG_WARN_QUOTED_INCLUDE_IN_FRAMEWORK_HEADER = YES;
				CLANG_WARN_RANGE_LOOP_ANALYSIS = YES;
				CLANG_WARN_STRICT_PROTOTYPES = YES;
				CLANG_WARN_SUSPICIOUS_MOVE = YES;
				CLANG_WARN_UNGUARDED_AVAILABILITY = YES_AGGRESSIVE;
				CLANG_WARN_UNREACHABLE_CODE = YES;
				CLANG_WARN__DUPLICATE_METHOD_MATCH = YES;
				COPY_PHASE_STRIP = NO;
				DEBUG_INFORMATION_FORMAT = "dwarf-with-dsym";
				ENABLE_NS_ASSERTIONS = NO;
				ENABLE_STRICT_OBJC_MSGSEND = YES;
				GCC_C_LANGUAGE_STANDARD = gnu11;
				GCC_NO_COMMON_BLOCKS = YES;
				GCC_WARN_64_TO_32_BIT_CONVERSION = YES;
				GCC_WARN_ABOUT_RETURN_TYPE = YES_ERROR;
				GCC_WARN_UNDECLARED_SELECTOR = YES;
				GCC_WARN_UNINITIALIZED_AUTOS = YES_AGGRESSIVE;
				GCC_WARN_UNUSED_FUNCTION = YES;
				GCC_WARN_UNUSED_VARIABLE = YES;
				IPHONEOS_DEPLOYMENT_TARGET = 15.4;
				MTL_ENABLE_DEBUG_INFO = NO;
				MTL_FAST_MATH = YES;
				SDKROOT = iphoneos;
				VALIDATE_PRODUCT = YES;
			};
			name = Release;
		};
		27A76E762850AA7A003BA2A1 /* Debug */ = {
			isa = XCBuildConfiguration;
			buildSettings = {
				ASSETCATALOG_COMPILER_APPICON_NAME = AppIcon;
				ASSETCATALOG_COMPILER_GLOBAL_ACCENT_COLOR_NAME = AccentColor;
				CODE_SIGN_STYLE = Automatic;
				CURRENT_PROJECT_VERSION = 1;
				DEVELOPMENT_TEAM = KVK7JQ5BK6;
				GENERATE_INFOPLIST_FILE = YES;
				INFOPLIST_FILE = Matchismo/Info.plist;
				INFOPLIST_KEY_UIApplicationSupportsIndirectInputEvents = YES;
				INFOPLIST_KEY_UILaunchStoryboardName = LaunchScreen;
				INFOPLIST_KEY_UIMainStoryboardFile = Main;
				INFOPLIST_KEY_UISupportedInterfaceOrientations_iPad = "UIInterfaceOrientationPortrait UIInterfaceOrientationPortraitUpsideDown UIInterfaceOrientationLandscapeLeft UIInterfaceOrientationLandscapeRight";
				INFOPLIST_KEY_UISupportedInterfaceOrientations_iPhone = "UIInterfaceOrientationPortrait UIInterfaceOrientationLandscapeLeft UIInterfaceOrientationLandscapeRight";
				LD_RUNPATH_SEARCH_PATHS = (
					"$(inherited)",
					"@executable_path/Frameworks",
				);
				MARKETING_VERSION = 1.0;
				PRODUCT_BUNDLE_IDENTIFIER = OO.Matchismo;
				PRODUCT_NAME = "$(TARGET_NAME)";
				SWIFT_EMIT_LOC_STRINGS = YES;
				TARGETED_DEVICE_FAMILY = "1,2";
			};
			name = Debug;
		};
		27A76E772850AA7A003BA2A1 /* Release */ = {
			isa = XCBuildConfiguration;
			buildSettings = {
				ASSETCATALOG_COMPILER_APPICON_NAME = AppIcon;
				ASSETCATALOG_COMPILER_GLOBAL_ACCENT_COLOR_NAME = AccentColor;
				CODE_SIGN_STYLE = Automatic;
				CURRENT_PROJECT_VERSION = 1;
				DEVELOPMENT_TEAM = KVK7JQ5BK6;
				GENERATE_INFOPLIST_FILE = YES;
				INFOPLIST_FILE = Matchismo/Info.plist;
				INFOPLIST_KEY_UIApplicationSupportsIndirectInputEvents = YES;
				INFOPLIST_KEY_UILaunchStoryboardName = LaunchScreen;
				INFOPLIST_KEY_UIMainStoryboardFile = Main;
				INFOPLIST_KEY_UISupportedInterfaceOrientations_iPad = "UIInterfaceOrientationPortrait UIInterfaceOrientationPortraitUpsideDown UIInterfaceOrientationLandscapeLeft UIInterfaceOrientationLandscapeRight";
				INFOPLIST_KEY_UISupportedInterfaceOrientations_iPhone = "UIInterfaceOrientationPortrait UIInterfaceOrientationLandscapeLeft UIInterfaceOrientationLandscapeRight";
				LD_RUNPATH_SEARCH_PATHS = (
					"$(inherited)",
					"@executable_path/Frameworks",
				);
				MARKETING_VERSION = 1.0;
				PRODUCT_BUNDLE_IDENTIFIER = OO.Matchismo;
				PRODUCT_NAME = "$(TARGET_NAME)";
				SWIFT_EMIT_LOC_STRINGS = YES;
				TARGETED_DEVICE_FAMILY = "1,2";
			};
			name = Release;
		};
/* End XCBuildConfiguration section */

/* Begin XCConfigurationList section */
		27A76E572850AA79003BA2A1 /* Build configuration list for PBXProject "Matchismo" */ = {
			isa = XCConfigurationList;
			buildConfigurations = (
				27A76E732850AA7A003BA2A1 /* Debug */,
				27A76E742850AA7A003BA2A1 /* Release */,
			);
			defaultConfigurationIsVisible = 0;
			defaultConfigurationName = Release;
		};
		27A76E752850AA7A003BA2A1 /* Build configuration list for PBXNativeTarget "Matchismo" */ = {
			isa = XCConfigurationList;
			buildConfigurations = (
				27A76E762850AA7A003BA2A1 /* Debug */,
				27A76E772850AA7A003BA2A1 /* Release */,
			);
			defaultConfigurationIsVisible = 0;
			defaultConfigurationName = Release;
		};
/* End XCConfigurationList section */
	};
	rootObject = 27A76E542850AA79003BA2A1 /* Project object */;
}
